
Microsoft Visual Studio Solution File, Format Version 12.00
# Visual Studio 2013
VisualStudioVersion = 12.0.21005.1
MinimumVisualStudioVersion = 10.0.40219.1
Project("{FAE04EC0-301F-11D3-BF4B-00C04F79EFBC}") = "BookKaroMVC", "BookKaroMVC\BookKaroMVC.csproj", "{0D8FB3C7-6482-4F54-B427-D481A720A579}"
EndProject
Project("{FAE04EC0-301F-11D3-BF4B-00C04F79EFBC}") = "BookKaroMVC.Tests", "BookKaroMVC.Tests\BookKaroMVC.Tests.csproj", "{C6962DEF-1D89-48CA-A729-6A8CCE7B7ED6}"
EndProject
Global
	GlobalSection(SolutionConfigurationPlatforms) = preSolution
		Debug|Any CPU = Debug|Any CPU
		Release|Any CPU = Release|Any CPU
	EndGlobalSection
	GlobalSection(ProjectConfigurationPlatforms) = postSolution
		{0D8FB3C7-6482-4F54-B427-D481A720A579}.Debug|Any CPU.ActiveCfg = Debug|Any CPU
		{0D8FB3C7-6482-4F54-B427-D481A720A579}.Debug|Any CPU.Build.0 = Debug|Any CPU
		{0D8FB3C7-6482-4F54-B427-D481A720A579}.Release|Any CPU.ActiveCfg = Release|Any CPU
		{0D8FB3C7-6482-4F54-B427-D481A720A579}.Release|Any CPU.Build.0 = Release|Any CPU
		{C6962DEF-1D89-48CA-A729-6A8CCE7B7ED6}.Debug|Any CPU.ActiveCfg = Debug|Any CPU
		{C6962DEF-1D89-48CA-A729-6A8CCE7B7ED6}.Debug|Any CPU.Build.0 = Debug|Any CPU
		{C6962DEF-1D89-48CA-A729-6A8CCE7B7ED6}.Release|Any CPU.ActiveCfg = Release|Any CPU
		{C6962DEF-1D89-48CA-A729-6A8CCE7B7ED6}.Release|Any CPU.Build.0 = Release|Any CPU
	EndGlobalSection
	GlobalSection(SolutionProperties) = preSolution
		HideSolutionNode = FALSE
	EndGlobalSection
EndGlobal
